
Microsoft Visual Studio Solution File, Format Version 12.00
# Visual Studio Version 17
VisualStudioVersion = 17.11.35222.181
MinimumVisualStudioVersion = 10.0.40219.1
Project("{FAE04EC0-301F-11D3-BF4B-00C04F79EFBC}") = "OOP_Labb4", "OOP_Labb4\OOP_Labb4.csproj", "{77F5019D-A9A6-4702-8DAB-815DD575282C}"
EndProject
Global
	GlobalSection(SolutionConfigurationPlatforms) = preSolution
		Debug|Any CPU = Debug|Any CPU
		Release|Any CPU = Release|Any CPU
	EndGlobalSection
	GlobalSection(ProjectConfigurationPlatforms) = postSolution
		{77F5019D-A9A6-4702-8DAB-815DD575282C}.Debug|Any CPU.ActiveCfg = Debug|Any CPU
		{77F5019D-A9A6-4702-8DAB-815DD575282C}.Debug|Any CPU.Build.0 = Debug|Any CPU
		{77F5019D-A9A6-4702-8DAB-815DD575282C}.Release|Any CPU.ActiveCfg = Release|Any CPU
		{77F5019D-A9A6-4702-8DAB-815DD575282C}.Release|Any CPU.Build.0 = Release|Any CPU
	EndGlobalSection
	GlobalSection(SolutionProperties) = preSolution
		HideSolutionNode = FALSE
	EndGlobalSection
	GlobalSection(ExtensibilityGlobals) = postSolution
		SolutionGuid = {E592D5DB-BBF1-4E52-A0FB-B0687C5F1A12}
	EndGlobalSection
EndGlobal
